
Microsoft Visual Studio Solution File, Format Version 12.00
# Visual Studio 15
Project("{FAE04EC0-301F-11D3-BF4B-00C04F79EFBC}") = "Assembly-CSharp", "Assembly-CSharp.csproj", "{C62C9AA6-94D7-D3D8-07BE-5E677C2C023D}"
EndProject
Project("{FAE04EC0-301F-11D3-BF4B-00C04F79EFBC}") = "Assembly-CSharp-Editor", "Assembly-CSharp-Editor.csproj", "{01B83287-4439-32DF-DB78-DBA9B70D7945}"
EndProject
Global
	GlobalSection(SolutionConfigurationPlatforms) = preSolution
		Debug|Any CPU = Debug|Any CPU
		Release|Any CPU = Release|Any CPU
	EndGlobalSection
	GlobalSection(ProjectConfigurationPlatforms) = postSolution
		{C62C9AA6-94D7-D3D8-07BE-5E677C2C023D}.Debug|Any CPU.ActiveCfg = Debug|Any CPU
		{C62C9AA6-94D7-D3D8-07BE-5E677C2C023D}.Debug|Any CPU.Build.0 = Debug|Any CPU
		{C62C9AA6-94D7-D3D8-07BE-5E677C2C023D}.Release|Any CPU.ActiveCfg = Release|Any CPU
		{C62C9AA6-94D7-D3D8-07BE-5E677C2C023D}.Release|Any CPU.Build.0 = Release|Any CPU
		{01B83287-4439-32DF-DB78-DBA9B70D7945}.Debug|Any CPU.ActiveCfg = Debug|Any CPU
		{01B83287-4439-32DF-DB78-DBA9B70D7945}.Debug|Any CPU.Build.0 = Debug|Any CPU
		{01B83287-4439-32DF-DB78-DBA9B70D7945}.Release|Any CPU.ActiveCfg = Release|Any CPU
		{01B83287-4439-32DF-DB78-DBA9B70D7945}.Release|Any CPU.Build.0 = Release|Any CPU
	EndGlobalSection
	GlobalSection(SolutionProperties) = preSolution
		HideSolutionNode = FALSE
	EndGlobalSection
EndGlobal
